{
  "name": "css-charts",
  "version": "0.0.0",
  "lockfileVersion": 3,
  "requires": true,
  "packages": {
    "": {
      "name": "css-charts",
      "version": "0.0.0",
      "license": "MIT",
      "dependencies": {
        "charts.css": "1.1.0",
        "trans-render": "0.0.884"
      }
    },
    "node_modules/charts.css": {
      "version": "1.1.0",
      "resolved": "https://registry.npmjs.org/charts.css/-/charts.css-1.1.0.tgz",
      "integrity": "sha512-K1Qyb8ZKsu5cDrVbZeHECk/xSq6iOl8IDTR35uaMdhr/Vyyxvg9nYQy3KNB3aidxJ2E251afX5q2725N0uL3Vw==",
      "license": "MIT"
    },
    "node_modules/mount-observer": {
      "version": "0.0.44",
      "resolved": "https://registry.npmjs.org/mount-observer/-/mount-observer-0.0.44.tgz",
      "integrity": "sha512-ejL3r5b/dUJRSADxADLmEzn1HpcEshXqOcqqU+4KEo3qlRKgUEfD0bp8m+W7EjgdtT0OuRKM//SDdhbW0DxaxA==",
      "license": "MIT"
    },
    "node_modules/trans-render": {
      "version": "0.0.884",
      "resolved": "https://registry.npmjs.org/trans-render/-/trans-render-0.0.884.tgz",
      "integrity": "sha512-ITm/MzBf58WBfHee4oQ699IZLcCnKyOqahHmlQUs/CJDC2gRxRjzvz6dyjvnl4K2BU9L7hNO2ne4hfjE4kT8gw==",
      "license": "MIT",
      "dependencies": {
        "mount-observer": "0.0.44"
      }
    }
  }
}
